
Microsoft Visual Studio Solution File, Format Version 12.00
# Visual Studio 15
VisualStudioVersion = 15.0.28010.2048
MinimumVisualStudioVersion = 10.0.40219.1
Project("{9A19103F-16F7-4668-BE54-9A1E7A4F7556}") = "CrmSupport", "CrmSupport\CrmSupport.csproj", "{4FCFC0B1-A239-4E8D-BE72-AE78293FAE40}"
EndProject
Project("{2150E333-8FDC-42A3-9474-1A3956D46DE8}") = "Tests", "Tests", "{5D46AE48-3F46-47C0-AB1D-2C9084B10415}"
EndProject
Project("{2150E333-8FDC-42A3-9474-1A3956D46DE8}") = "Src", "Src", "{56681BF2-D3EE-4E34-9998-4305841F5D03}"
EndProject
Project("{2150E333-8FDC-42A3-9474-1A3956D46DE8}") = "Documents", "Documents", "{F2A2CFD7-5985-42AB-92BB-F1ACFCF82AD3}"
	ProjectSection(SolutionItems) = preProject
		Help.txt = Help.txt
	EndProjectSection
EndProject
Global
	GlobalSection(SolutionConfigurationPlatforms) = preSolution
		Debug|Any CPU = Debug|Any CPU
		Release|Any CPU = Release|Any CPU
	EndGlobalSection
	GlobalSection(ProjectConfigurationPlatforms) = postSolution
		{4FCFC0B1-A239-4E8D-BE72-AE78293FAE40}.Debug|Any CPU.ActiveCfg = Debug|Any CPU
		{4FCFC0B1-A239-4E8D-BE72-AE78293FAE40}.Debug|Any CPU.Build.0 = Debug|Any CPU
		{4FCFC0B1-A239-4E8D-BE72-AE78293FAE40}.Release|Any CPU.ActiveCfg = Release|Any CPU
		{4FCFC0B1-A239-4E8D-BE72-AE78293FAE40}.Release|Any CPU.Build.0 = Release|Any CPU
	EndGlobalSection
	GlobalSection(SolutionProperties) = preSolution
		HideSolutionNode = FALSE
	EndGlobalSection
	GlobalSection(NestedProjects) = preSolution
		{4FCFC0B1-A239-4E8D-BE72-AE78293FAE40} = {56681BF2-D3EE-4E34-9998-4305841F5D03}
	EndGlobalSection
	GlobalSection(ExtensibilityGlobals) = postSolution
		SolutionGuid = {1C176C15-A376-460D-A105-F86889C5A5D7}
	EndGlobalSection
EndGlobal
